Microsoft Visual Studio Solution File, Format Version 12.00
# Visual Studio Version 17
VisualStudioVersion = 17.5.2.0
MinimumVisualStudioVersion = 10.0.40219.1
Project("{FAE04EC0-301F-11D3-BF4B-00C04F79EFBC}") = "restaurant_management", "restaurant_management.csproj", "{2763C8DD-BCBA-BFA2-7291-C62BB883E00A}"
EndProject
Global
	GlobalSection(SolutionConfigurationPlatforms) = preSolution
		Debug|Any CPU = Debug|Any CPU
		Release|Any CPU = Release|Any CPU
	EndGlobalSection
	GlobalSection(ProjectConfigurationPlatforms) = postSolution
		{2763C8DD-BCBA-BFA2-7291-C62BB883E00A}.Debug|Any CPU.ActiveCfg = Debug|Any CPU
		{2763C8DD-BCBA-BFA2-7291-C62BB883E00A}.Debug|Any CPU.Build.0 = Debug|Any CPU
		{2763C8DD-BCBA-BFA2-7291-C62BB883E00A}.Release|Any CPU.ActiveCfg = Release|Any CPU
		{2763C8DD-BCBA-BFA2-7291-C62BB883E00A}.Release|Any CPU.Build.0 = Release|Any CPU
	EndGlobalSection
	GlobalSection(SolutionProperties) = preSolution
		HideSolutionNode = FALSE
	EndGlobalSection
	GlobalSection(ExtensibilityGlobals) = postSolution
		SolutionGuid = {1E9E4FBB-A3A0-463D-959B-D0EFD36C3AA5}
	EndGlobalSection
EndGlobal
